
Microsoft Visual Studio Solution File, Format Version 12.00
# Visual Studio 15
VisualStudioVersion = 15.0.26228.9
MinimumVisualStudioVersion = 10.0.40219.1
Project("{FAE04EC0-301F-11D3-BF4B-00C04F79EFBC}") = "Microsoft.Extensions.Caching.Redis", "Microsoft.Extensions.Caching.Redis\Microsoft.Extensions.Caching.Redis.csproj", "{DAF70ED4-5351-4920-8432-9BB7FBC07714}"
EndProject
Project("{FAE04EC0-301F-11D3-BF4B-00C04F79EFBC}") = "Sample", "Sample\Sample.csproj", "{8ED05C34-1F09-4D40-BD4E-D8815B03DF97}"
EndProject
Global
	GlobalSection(SolutionConfigurationPlatforms) = preSolution
		Debug|Any CPU = Debug|Any CPU
		Release|Any CPU = Release|Any CPU
	EndGlobalSection
	GlobalSection(ProjectConfigurationPlatforms) = postSolution
		{DAF70ED4-5351-4920-8432-9BB7FBC07714}.Debug|Any CPU.ActiveCfg = Debug|Any CPU
		{DAF70ED4-5351-4920-8432-9BB7FBC07714}.Debug|Any CPU.Build.0 = Debug|Any CPU
		{DAF70ED4-5351-4920-8432-9BB7FBC07714}.Release|Any CPU.ActiveCfg = Release|Any CPU
		{DAF70ED4-5351-4920-8432-9BB7FBC07714}.Release|Any CPU.Build.0 = Release|Any CPU
		{8ED05C34-1F09-4D40-BD4E-D8815B03DF97}.Debug|Any CPU.ActiveCfg = Debug|Any CPU
		{8ED05C34-1F09-4D40-BD4E-D8815B03DF97}.Debug|Any CPU.Build.0 = Debug|Any CPU
		{8ED05C34-1F09-4D40-BD4E-D8815B03DF97}.Release|Any CPU.ActiveCfg = Release|Any CPU
		{8ED05C34-1F09-4D40-BD4E-D8815B03DF97}.Release|Any CPU.Build.0 = Release|Any CPU
	EndGlobalSection
	GlobalSection(SolutionProperties) = preSolution
		HideSolutionNode = FALSE
	EndGlobalSection
EndGlobal
